// !$*UTF8*$!
{
	archiveVersion = 1;
	classes = {
	};
	objectVersion = 46;
	objects = {

/* Begin PBXBuildFile section */
		E72F64661CD85DD000701841 /* AppDelegate.swift in Sources */ = {isa = PBXBuildFile; fileRef = E72F64651CD85DD000701841 /* AppDelegate.swift */; };
		E72F64681CD85DD000701841 /* ViewController.swift in Sources */ = {isa = PBXBuildFile; fileRef = E72F64671CD85DD000701841 /* ViewController.swift */; };
		E72F646B1CD85DD000701841 /* Main.storyboard in Resources */ = {isa = PBXBuildFile; fileRef = E72F64691CD85DD000701841 /* Main.storyboard */; };
		E72F646D1CD85DD000701841 /* Assets.xcassets in Resources */ = {isa = PBXBuildFile; fileRef = E72F646C1CD85DD000701841 /* Assets.xcassets */; };
		E72F64701CD85DD000701841 /* LaunchScreen.storyboard in Resources */ = {isa = PBXBuildFile; fileRef = E72F646E1CD85DD000701841 /* LaunchScreen.storyboard */; };
		E72F64791CD9B21900701841 /* CalculatorBrain.swift in Sources */ = {isa = PBXBuildFile; fileRef = E72F64781CD9B21900701841 /* CalculatorBrain.swift */; };
/* End PBXBuildFile section */

/* Begin PBXFileReference section */
		E72F64621CD85DD000701841 /* Calculator.app */ = {isa = PBXFileReference; explicitFileType = wrapper.application; includeInIndex = 0; path = Calculator.app; sourceTree = BUILT_PRODUCTS_DIR; };
		E72F64651CD85DD000701841 /* AppDelegate.swift */ = {isa = PBXFileReference; lastKnownFileType = sourcecode.swift; path = AppDelegate.swift; sourceTree = "<group>"; };
		E72F64671CD85DD000701841 /* ViewController.swift */ = {isa = PBXFileReference; lastKnownFileType = sourcecode.swift; path = ViewController.swift; sourceTree = "<group>"; };
		E72F646A1CD85DD000701841 /* Base */ = {isa = PBXFileReference; lastKnownFileType = file.storyboard; name = Base; path = Base.lproj/Main.storyboard; sourceTree = "<group>"; };
		E72F646C1CD85DD000701841 /* Assets.xcassets */ = {isa = PBXFileReference; lastKnownFileType = folder.assetcatalog; path = Assets.xcassets; sourceTree = "<group>"; };
		E72F646F1CD85DD000701841 /* Base */ = {isa = PBXFileReference; lastKnownFileType = file.storyboard; name = Base; path = Base.lproj/LaunchScreen.storyboard; sourceTree = "<group>"; };
		E72F64711CD85DD000701841 /* Info.plist */ = {isa = PBXFileReference; lastKnownFileType = text.plist.xml; path = Info.plist; sourceTree = "<group>"; };
		E72F64781CD9B21900701841 /* CalculatorBrain.swift */ = {isa = PBXFileReference; fileEncoding = 4; lastKnownFileType = sourcecode.swift; path = CalculatorBrain.swift; sourceTree = "<group>"; };
/* End PBXFileReference section */

/* Begin PBXFrameworksBuildPhase section */
		E72F645F1CD85DD000701841 /* Frameworks */ = {
			isa = PBXFrameworksBuildPhase;
			buildActionMask = 2147483647;
			files = (
			);
			runOnlyForDeploymentPostprocessing = 0;
		};
/* End PBXFrameworksBuildPhase section */

/* Begin PBXGroup section */
		E72F64591CD85DD000701841 = {
			isa = PBXGroup;
			children = (
				E72F64641CD85DD000701841 /* Calculator */,
				E72F64631CD85DD000701841 /* Products */,
			);
			sourceTree = "<group>";
		};
		E72F64631CD85DD000701841 /* Products */ = {
			isa = PBXGroup;
			children = (
				E72F64621CD85DD000701841 /* Calculator.app */,
			);
			name = Products;
			sourceTree = "<group>";
		};
		E72F64641CD85DD000701841 /* Calculator */ = {
			isa = PBXGroup;
			children = (
				E72F64671CD85DD000701841 /* ViewController.swift */,
				E72F64691CD85DD000701841 /* Main.storyboard */,
				E72F64781CD9B21900701841 /* CalculatorBrain.swift */,
				E72F64771CD85E6100701841 /* Supporting Files */,
			);
			path = Calculator;
			sourceTree = "<group>";
		};
		E72F64771CD85E6100701841 /* Supporting Files */ = {
			isa = PBXGroup;
			children = (
				E72F64651CD85DD000701841 /* AppDelegate.swift */,
				E72F646C1CD85DD000701841 /* Assets.xcassets */,
				E72F646E1CD85DD000701841 /* LaunchScreen.storyboard */,
				E72F64711CD85DD000701841 /* Info.plist */,
			);
			name = "Supporting Files";
			sourceTree = "<group>";
		};
/* End PBXGroup section */

/* Begin PBXNativeTarget section */
		E72F64611CD85DD000701841 /* Calculator */ = {
			isa = PBXNativeTarget;
			buildConfigurationList = E72F64741CD85DD000701841 /* Build configuration list for PBXNativeTarget "Calculator" */;
			buildPhases = (
				E72F645E1CD85DD000701841 /* Sources */,
				E72F645F1CD85DD000701841 /* Frameworks */,
				E72F64601CD85DD000701841 /* Resources */,
			);
			buildRules = (
			);
			dependencies = (
			);
			name = Calculator;
			productName = Calculator;
			productReference = E72F64621CD85DD000701841 /* Calculator.app */;
			productType = "com.apple.product-type.application";
		};
/* End PBXNativeTarget section */

/* Begin PBXProject section */
		E72F645A1CD85DD000701841 /* Project object */ = {
			isa = PBXProject;
			attributes = {
				LastSwiftUpdateCheck = 0730;
				LastUpgradeCheck = 0730;
				ORGANIZATIONNAME = "Ozan Asan";
				TargetAttributes = {
					E72F64611CD85DD000701841 = {
						CreatedOnToolsVersion = 7.3;
					};
				};
			};
			buildConfigurationList = E72F645D1CD85DD000701841 /* Build configuration list for PBXProject "Calculator" */;
			compatibilityVersion = "Xcode 3.2";
			developmentRegion = English;
			hasScannedForEncodings = 0;
			knownRegions = (
				en,
				Base,
			);
			mainGroup = E72F64591CD85DD000701841;
			productRefGroup = E72F64631CD85DD000701841 /* Products */;
			projectDirPath = "";
			projectRoot = "";
			targets = (
				E72F64611CD85DD000701841 /* Calculator */,
			);
		};
/* End PBXProject section */

/* Begin PBXResourcesBuildPhase section */
		E72F64601CD85DD000701841 /* Resources */ = {
			isa = PBXResourcesBuildPhase;
			buildActionMask = 2147483647;
			files = (
				E72F64701CD85DD000701841 /* LaunchScreen.storyboard in Resources */,
				E72F646D1CD85DD000701841 /* Assets.xcassets in Resources */,
				E72F646B1CD85DD000701841 /* Main.storyboard in Resources */,
			);
			runOnlyForDeploymentPostprocessing = 0;
		};
/* End PBXResourcesBuildPhase section */

/* Begin PBXSourcesBuildPhase section */
		E72F645E1CD85DD000701841 /* Sources */ = {
			isa = PBXSourcesBuildPhase;
			buildActionMask = 2147483647;
			files = (
				E72F64791CD9B21900701841 /* CalculatorBrain.swift in Sources */,
				E72F64681CD85DD000701841 /* ViewController.swift in Sources */,
				E72F64661CD85DD000701841 /* AppDelegate.swift in Sources */,
			);
			runOnlyForDeploymentPostprocessing = 0;
		};
/* End PBXSourcesBuildPhase section */

/* Begin PBXVariantGroup section */
		E72F64691CD85DD000701841 /* Main.storyboard */ = {
			isa = PBXVariantGroup;
			children = (
				E72F646A1CD85DD000701841 /* Base */,
			);
			name = Main.storyboard;
			sourceTree = "<group>";
		};
		E72F646E1CD85DD000701841 /* LaunchScreen.storyboard */ = {
			isa = PBXVariantGroup;
			children = (
				E72F646F1CD85DD000701841 /* Base */,
			);
			name = LaunchScreen.storyboard;
			sourceTree = "<group>";
		};
/* End PBXVariantGroup section */

/* Begin XCBuildConfiguration section */
		E72F64721CD85DD000701841 /* Debug */ = {
			isa = XCBuildConfiguration;
			buildSettings = {
				ALWAYS_SEARCH_USER_PATHS = NO;
				CLANG_ANALYZER_NONNULL = YES;
				CLANG_CXX_LANGUAGE_STANDARD = "gnu++0x";
				CLANG_CXX_LIBRARY = "libc++";
				CLANG_ENABLE_MODULES = YES;
				CLANG_ENABLE_OBJC_ARC = YES;
				CLANG_WARN_BOOL_CONVERSION = YES;
				CLANG_WARN_CONSTANT_CONVERSION = YES;
				CLANG_WARN_DIRECT_OBJC_ISA_USAGE = YES_ERROR;
				CLANG_WARN_EMPTY_BODY = YES;
				CLANG_WARN_ENUM_CONVERSION = YES;
				CLANG_WARN_INT_CONVERSION = YES;
				CLANG_WARN_OBJC_ROOT_CLASS = YES_ERROR;
				CLANG_WARN_UNREACHABLE_CODE = YES;
				CLANG_WARN__DUPLICATE_METHOD_MATCH = YES;
				"CODE_SIGN_IDENTITY[sdk=iphoneos*]" = "iPhone Developer";
				COPY_PHASE_STRIP = NO;
				DEBUG_INFORMATION_FORMAT = dwarf;
				ENABLE_STRICT_OBJC_MSGSEND = YES;
				ENABLE_TESTABILITY = YES;
				GCC_C_LANGUAGE_STANDARD = gnu99;
				GCC_DYNAMIC_NO_PIC = NO;
				GCC_NO_COMMON_BLOCKS = YES;
				GCC_OPTIMIZATION_LEVEL = 0;
				GCC_PREPROCESSOR_DEFINITIONS = (
					"DEBUG=1",
					"$(inherited)",
				);
				GCC_WARN_64_TO_32_BIT_CONVERSION = YES;
				GCC_WARN_ABOUT_RETURN_TYPE = YES_ERROR;
				GCC_WARN_UNDECLARED_SELECTOR = YES;
				GCC_WARN_UNINITIALIZED_AUTOS = YES_AGGRESSIVE;
				GCC_WARN_UNUSED_FUNCTION = YES;
				GCC_WARN_UNUSED_VARIABLE = YES;
				IPHONEOS_DEPLOYMENT_TARGET = 9.3;
				MTL_ENABLE_DEBUG_INFO = YES;
				ONLY_ACTIVE_ARCH = YES;
				SDKROOT = iphoneos;
				SWIFT_OPTIMIZATION_LEVEL = "-Onone";
				TARGETED_DEVICE_FAMILY = "1,2";
			};
			name = Debug;
		};
		E72F64731CD85DD000701841 /* Release */ = {
			isa = XCBuildConfiguration;
			buildSettings = {
				ALWAYS_SEARCH_USER_PATHS = NO;
				CLANG_ANALYZER_NONNULL = YES;
				CLANG_CXX_LANGUAGE_STANDARD = "gnu++0x";
				CLANG_CXX_LIBRARY = "libc++";
				CLANG_ENABLE_MODULES = YES;
				CLANG_ENABLE_OBJC_ARC = YES;
				CLANG_WARN_BOOL_CONVERSION = YES;
				CLANG_WARN_CONSTANT_CONVERSION = YES;
				CLANG_WARN_DIRECT_OBJC_ISA_USAGE = YES_ERROR;
				CLANG_WARN_EMPTY_BODY = YES;
				CLANG_WARN_ENUM_CONVERSION = YES;
				CLANG_WARN_INT_CONVERSION = YES;
				CLANG_WARN_OBJC_ROOT_CLASS = YES_ERROR;
				CLANG_WARN_UNREACHABLE_CODE = YES;
				CLANG_WARN__DUPLICATE_METHOD_MATCH = YES;
				"CODE_SIGN_IDENTITY[sdk=iphoneos*]" = "iPhone Developer";
				COPY_PHASE_STRIP = NO;
				DEBUG_INFORMATION_FORMAT = "dwarf-with-dsym";
				ENABLE_NS_ASSERTIONS = NO;
				ENABLE_STRICT_OBJC_MSGSEND = YES;
				GCC_C_LANGUAGE_STANDARD = gnu99;
				GCC_NO_COMMON_BLOCKS = YES;
				GCC_WARN_64_TO_32_BIT_CONVERSION = YES;
				GCC_WARN_ABOUT_RETURN_TYPE = YES_ERROR;
				GCC_WARN_UNDECLARED_SELECTOR = YES;
				GCC_WARN_UNINITIALIZED_AUTOS = YES_AGGRESSIVE;
				GCC_WARN_UNUSED_FUNCTION = YES;
				GCC_WARN_UNUSED_VARIABLE = YES;
				IPHONEOS_DEPLOYMENT_TARGET = 9.3;
				MTL_ENABLE_DEBUG_INFO = NO;
				SDKROOT = iphoneos;
				TARGETED_DEVICE_FAMILY = "1,2";
				VALIDATE_PRODUCT = YES;
			};
			name = Release;
		};
		E72F64751CD85DD000701841 /* Debug */ = {
			isa = XCBuildConfiguration;
			buildSettings = {
				ASSETCATALOG_COMPILER_APPICON_NAME = AppIcon;
				INFOPLIST_FILE = Calculator/Info.plist;
				LD_RUNPATH_SEARCH_PATHS = "$(inherited) @executable_path/Frameworks";
				PRODUCT_BUNDLE_IDENTIFIER = com.ozanasan.Calculator;
				PRODUCT_NAME = "$(TARGET_NAME)";
			};
			name = Debug;
		};
		E72F64761CD85DD000701841 /* Release */ = {
			isa = XCBuildConfiguration;
			buildSettings = {
				ASSETCATALOG_COMPILER_APPICON_NAME = AppIcon;
				INFOPLIST_FILE = Calculator/Info.plist;
				LD_RUNPATH_SEARCH_PATHS = "$(inherited) @executable_path/Frameworks";
				PRODUCT_BUNDLE_IDENTIFIER = com.ozanasan.Calculator;
				PRODUCT_NAME = "$(TARGET_NAME)";
			};
			name = Release;
		};
/* End XCBuildConfiguration section */

/* Begin XCConfigurationList section */
		E72F645D1CD85DD000701841 /* Build configuration list for PBXProject "Calculator" */ = {
			isa = XCConfigurationList;
			buildConfigurations = (
				E72F64721CD85DD000701841 /* Debug */,
				E72F64731CD85DD000701841 /* Release */,
			);
			defaultConfigurationIsVisible = 0;
			defaultConfigurationName = Release;
		};
		E72F64741CD85DD000701841 /* Build configuration list for PBXNativeTarget "Calculator" */ = {
			isa = XCConfigurationList;
			buildConfigurations = (
				E72F64751CD85DD000701841 /* Debug */,
				E72F64761CD85DD000701841 /* Release */,
			);
			defaultConfigurationIsVisible = 0;
		};
/* End XCConfigurationList section */
	};
	rootObject = E72F645A1CD85DD000701841 /* Project object */;
}
